{
  "object": {
    "pins": [
      {
        "package": "SlideMenuController",
        "repositoryURL": "https://github.com/doomlab/SlideMenuControllerSwift",
        "state": {
          "branch": "swift5",
          "revision": "3716c7eb44eccf129252fe1ccc8611a2a75995eb",
          "version": null
        }
      }
    ]
  },
  "version": 1
}
